homeassistant:
  customize_glob:
    "sensor.wakeup_*":
      homebridge_hidden: true

group:
  wakeuplight:
    name: Aufwachbeleuchtung
    control: hidden
    entities:
      - sensor.wakeup_alarm_time
      - sensor.wakeup_start_time_lights
      - sensor.wakeup_fadein_duration
      - input_number.wakeup_hour
      - input_number.wakeup_minutes
      - input_number.wakeup_duration
      - input_boolean.wakeup
      - input_boolean.wakeup_weekends

input_boolean:
  wakeup:
    name: 'Aufwachbeleuchtung'
    icon: mdi:power
    initial: on

  wakeup_weekends:
    name: 'Wochenenden'
    icon: mdi:power
    initial: off

input_number:
  wakeup_hour:
    name: Stunde
    icon: mdi:clock-in
    initial: 6
    min: 0
    max: 23
    step: 1

  wakeup_minutes:
    name: Minuten
    icon: mdi:clock-in
    initial: 30
    min: 0
    max: 55
    step: 5

  wakeup_duration:
    name: Fade-in
    icon: mdi:clock-in
    initial: 10
    min: 5
    max: 60
    step: 5

sensor:
  - platform: template
    sensors:
      wakeup_alarm_time:
        friendly_name: 'Alarm'
        value_template: '{% if states.input_number.wakeup_hour.state|length == 3 %}0{% endif %}{{ states.input_number.wakeup_hour.state | int }}:{% if states.input_number.wakeup_minutes.state|length == 3 %}0{% endif %}{{ states.input_number.wakeup_minutes.state | int }}'

  - platform: template
    sensors:
      wakeup_start_time_lights:
        friendly_name: 'Fade-in Startzeit'
        value_template: >
          {% if states.sensor.wakeup_alarm_time and states.input_number.wakeup_duration %}
          {% set alarmtime = states.sensor.wakeup_alarm_time.state %}
          {% set alarm_hour = alarmtime.split(":")[0] | int %}
          {% set alarm_min = alarmtime.split(":")[1] | int %}
          {% set light_dur = states.input_number.wakeup_duration.state | int %}
          {% set alarm_min_light = alarm_min - light_dur %}
          {% if alarm_min_light  < 0 %}
          {% set alarm_min_light = alarm_min_light + 60 %}
          {% set alarm_hour_light = alarm_hour - 1 %}
          {% if alarm_hour_light < 0 %}{% set alarm_hour_light = 23 %}{% endif %}
          {% if alarm_hour_light < 10 %}0{% endif %}{{ alarm_hour_light}}:{% if alarm_min_light < 10 %}0{% endif %}{{ alarm_min_light }}
          {% else %}
          {% if alarm_hour < 10 %}0{% endif %}{{ alarm_hour }}:{% if alarm_min_light < 10 %}0{% endif %}{{ alarm_min_light }}
          {% endif %}
          {% endif %}

  - platform: template
    sensors:
      wakeup_fadein_duration:
        friendly_name: 'Fade-in Dauer'
        value_template: '{{ states.input_number.wakeup_duration.state | int }}'
        unit_of_measurement: 'min'
